
Microsoft Visual Studio Solution File, Format Version 12.00
# Visual Studio Version 17
VisualStudioVersion = 17.11.35219.272
MinimumVisualStudioVersion = 10.0.40219.1
Project("{8BC9CEB8-8B4A-11D0-8D11-00A0C91BC942}") = "uie_ncnn_windows", "uie_ncnn_windows\uie_ncnn_windows.vcxproj", "{31B03E71-CCB3-45ED-A4C5-A2ED4004D59D}"
EndProject
Global
	GlobalSection(SolutionConfigurationPlatforms) = preSolution
		Debug|x64 = Debug|x64
		Debug|x86 = Debug|x86
		Release|x64 = Release|x64
		Release|x86 = Release|x86
	EndGlobalSection
	GlobalSection(ProjectConfigurationPlatforms) = postSolution
		{31B03E71-CCB3-45ED-A4C5-A2ED4004D59D}.Debug|x64.ActiveCfg = Debug|x64
		{31B03E71-CCB3-45ED-A4C5-A2ED4004D59D}.Debug|x64.Build.0 = Debug|x64
		{31B03E71-CCB3-45ED-A4C5-A2ED4004D59D}.Debug|x86.ActiveCfg = Debug|Win32
		{31B03E71-CCB3-45ED-A4C5-A2ED4004D59D}.Debug|x86.Build.0 = Debug|Win32
		{31B03E71-CCB3-45ED-A4C5-A2ED4004D59D}.Release|x64.ActiveCfg = Release|x64
		{31B03E71-CCB3-45ED-A4C5-A2ED4004D59D}.Release|x64.Build.0 = Release|x64
		{31B03E71-CCB3-45ED-A4C5-A2ED4004D59D}.Release|x86.ActiveCfg = Release|Win32
		{31B03E71-CCB3-45ED-A4C5-A2ED4004D59D}.Release|x86.Build.0 = Release|Win32
	EndGlobalSection
	GlobalSection(SolutionProperties) = preSolution
		HideSolutionNode = FALSE
	EndGlobalSection
	GlobalSection(ExtensibilityGlobals) = postSolution
		SolutionGuid = {F8E59333-210A-46CC-B1A6-EC261D98624F}
	EndGlobalSection
EndGlobal
